
Microsoft Visual Studio Solution File, Format Version 12.00
# Visual Studio Version 17
VisualStudioVersion = 17.0.32014.148
MinimumVisualStudioVersion = 10.0.40219.1
Project("{FAE04EC0-301F-11D3-BF4B-00C04F79EFBC}") = "StudentInfoSystem-Exam", "StudentInfoSystem-Exam\StudentInfoSystem-Exam.csproj", "{C4D25B9A-BE71-4B68-9CA4-7854E287CF06}"
EndProject
Global
	GlobalSection(SolutionConfigurationPlatforms) = preSolution
		Debug|Any CPU = Debug|Any CPU
		Release|Any CPU = Release|Any CPU
	EndGlobalSection
	GlobalSection(ProjectConfigurationPlatforms) = postSolution
		{C4D25B9A-BE71-4B68-9CA4-7854E287CF06}.Debug|Any CPU.ActiveCfg = Debug|Any CPU
		{C4D25B9A-BE71-4B68-9CA4-7854E287CF06}.Debug|Any CPU.Build.0 = Debug|Any CPU
		{C4D25B9A-BE71-4B68-9CA4-7854E287CF06}.Release|Any CPU.ActiveCfg = Release|Any CPU
		{C4D25B9A-BE71-4B68-9CA4-7854E287CF06}.Release|Any CPU.Build.0 = Release|Any CPU
	EndGlobalSection
	GlobalSection(SolutionProperties) = preSolution
		HideSolutionNode = FALSE
	EndGlobalSection
	GlobalSection(ExtensibilityGlobals) = postSolution
		SolutionGuid = {DABB0DDB-E59A-4836-9A24-FCB4618A7090}
	EndGlobalSection
EndGlobal
